
Microsoft Visual Studio Solution File, Format Version 12.00
# Visual Studio Version 17
VisualStudioVersion = 17.3.32825.248
MinimumVisualStudioVersion = 10.0.40219.1
Project("{FAE04EC0-301F-11D3-BF4B-00C04F79EFBC}") = "nd-refactoring", "nd-refactoring\nd-refactoring.csproj", "{572D1F70-296E-4BF5-8819-E6F8EE9C9ACB}"
EndProject
Global
	GlobalSection(SolutionConfigurationPlatforms) = preSolution
		Debug|Any CPU = Debug|Any CPU
		Release|Any CPU = Release|Any CPU
	EndGlobalSection
	GlobalSection(ProjectConfigurationPlatforms) = postSolution
		{572D1F70-296E-4BF5-8819-E6F8EE9C9ACB}.Debug|Any CPU.ActiveCfg = Debug|Any CPU
		{572D1F70-296E-4BF5-8819-E6F8EE9C9ACB}.Debug|Any CPU.Build.0 = Debug|Any CPU
		{572D1F70-296E-4BF5-8819-E6F8EE9C9ACB}.Release|Any CPU.ActiveCfg = Release|Any CPU
		{572D1F70-296E-4BF5-8819-E6F8EE9C9ACB}.Release|Any CPU.Build.0 = Release|Any CPU
	EndGlobalSection
	GlobalSection(SolutionProperties) = preSolution
		HideSolutionNode = FALSE
	EndGlobalSection
	GlobalSection(ExtensibilityGlobals) = postSolution
		SolutionGuid = {E48A0ED4-9CBF-41F0-865A-FF68DB0BA9E4}
	EndGlobalSection
EndGlobal
